# THIS IS AN AUTOGENERATED FILE. DO NOT EDIT THIS FILE DIRECTLY.
# yarn lockfile v1


coffeescript@^2.5.0:
  version "2.5.0"
  resolved "https://registry.yarnpkg.com/coffeescript/-/coffeescript-2.5.0.tgz#9ce853766fa8363384d80f06f79fa8d5b13f566f"
  integrity sha512-RgTKZhAeKVFuGtce/d3U1x1h5W75AoYFQszNlGrtSIbexC9jowaZo574uUvc9zoNQSDLMWXVtsus9usMtbFU+w==
